Microsoft Visual Studio Solution File, Format Version 11.00
# Visual Studio 2008

Project("{11EE47BA-3FBB-B7C5-D90D-FC0034654EFD}") = "2DActionProject", "Assembly-CSharp.csproj", "{99FBD409-8926-7D11-EE01-7244CFAD0B99}"
EndProject
Global
	GlobalSection(SolutionConfigurationPlatforms) = preSolution
		Debug|Any CPU = Debug|Any CPU
		Release|Any CPU = Release|Any CPU
	EndGlobalSection
	GlobalSection(ProjectConfigurationPlatforms) = postSolution
		{99FBD409-8926-7D11-EE01-7244CFAD0B99}.Debug|Any CPU.ActiveCfg = Debug|Any CPU
		{99FBD409-8926-7D11-EE01-7244CFAD0B99}.Debug|Any CPU.Build.0 = Debug|Any CPU
		{99FBD409-8926-7D11-EE01-7244CFAD0B99}.Release|Any CPU.ActiveCfg = Release|Any CPU
		{99FBD409-8926-7D11-EE01-7244CFAD0B99}.Release|Any CPU.Build.0 = Release|Any CPU
	EndGlobalSection
	GlobalSection(SolutionProperties) = preSolution
		HideSolutionNode = FALSE
	EndGlobalSection
	GlobalSection(MonoDevelopProperties) = preSolution
		StartupItem = Assembly-CSharp.csproj
	EndGlobalSection
EndGlobal
